
Microsoft Visual Studio Solution File, Format Version 12.00
# Visual Studio Version 16
VisualStudioVersion = 16.0.31229.75
MinimumVisualStudioVersion = 10.0.40219.1
Project("{2150E333-8FDC-42A3-9474-1A3956D46DE8}") = "Solution Items", "Solution Items", "{BBF598BC-8B41-4D82-8267-5DC563F2469F}"
	ProjectSection(SolutionItems) = preProject
		.gitignore = .gitignore
		azure-pipelines.yml = azure-pipelines.yml
		common.props = common.props
		global.json = global.json
		LICENSE = LICENSE
		README.md = README.md
		RELEASE_NOTES.md = RELEASE_NOTES.md
		repository_info.props = repository_info.props
		version.props = version.props
	EndProjectSection
EndProject
Project("{2150E333-8FDC-42A3-9474-1A3956D46DE8}") = "nupkg", "nupkg", "{56DF80A3-35A5-4E78-A47A-B95BB02A72D4}"
	ProjectSection(SolutionItems) = preProject
		nupkg\common.ps1 = nupkg\common.ps1
		nupkg\pack.ps1 = nupkg\pack.ps1
		nupkg\push_packages.ps1 = nupkg\push_packages.ps1
	EndProjectSection
EndProject
Project("{2150E333-8FDC-42A3-9474-1A3956D46DE8}") = "src", "src", "{CCE86B0E-877B-42AF-8357-0B89F0AB232D}"
EndProject
Project("{2150E333-8FDC-42A3-9474-1A3956D46DE8}") = "tests", "tests", "{7BABE3F2-8BBA-4EFE-8083-ADB208AD6021}"
EndProject
Project("{9A19103F-16F7-4668-BE54-9A1E7A4F7556}") = "Riven.Domain.Shared", "src\Riven.Domain.Shared\Riven.Domain.Shared.csproj", "{BB6FC6A2-653D-4ACD-9416-1EC53373FCEF}"
EndProject
Project("{9A19103F-16F7-4668-BE54-9A1E7A4F7556}") = "Riven.Application.Shared", "src\Riven.Application.Shared\Riven.Application.Shared.csproj", "{BD606501-66D3-4D0C-8444-3B3527AB6FF8}"
EndProject
Project("{9A19103F-16F7-4668-BE54-9A1E7A4F7556}") = "Riven.EntityFrameworkCore.Shared", "src\Riven.EntityFrameworkCore.Shared\Riven.EntityFrameworkCore.Shared.csproj", "{1B8F9AE9-9368-41A9-A295-B33379E66A68}"
EndProject
Project("{2150E333-8FDC-42A3-9474-1A3956D46DE8}") = "framework", "framework", "{E9DFF658-7F4A-4153-BA51-157E9D20B01F}"
EndProject
Project("{9A19103F-16F7-4668-BE54-9A1E7A4F7556}") = "Riven", "..\Framework\src\Riven\Riven.csproj", "{ABB418EF-3421-4E0C-B0A0-15667F0DD3AB}"
EndProject
Project("{9A19103F-16F7-4668-BE54-9A1E7A4F7556}") = "Riven.AspectCore", "..\Framework\src\Riven.AspectCore\Riven.AspectCore.csproj", "{8D52C7F7-BBA2-4461-B4E9-490F10BC2660}"
EndProject
Project("{9A19103F-16F7-4668-BE54-9A1E7A4F7556}") = "Riven.AspectCore.UnitOfWork", "..\Framework\src\Riven.AspectCore.UnitOfWork\Riven.AspectCore.UnitOfWork.csproj", "{F62B87B6-FA6E-47FB-BC16-EC6C381043A3}"
EndProject
Project("{9A19103F-16F7-4668-BE54-9A1E7A4F7556}") = "Riven.AspNetCore", "..\Framework\src\Riven.AspNetCore\Riven.AspNetCore.csproj", "{E410877D-1763-4971-9DAE-33EDD4737CE8}"
EndProject
Project("{9A19103F-16F7-4668-BE54-9A1E7A4F7556}") = "Riven.AspNetCore.Localization", "..\Framework\src\Riven.AspNetCore.Localization\Riven.AspNetCore.Localization.csproj", "{D7AD7901-D9D9-4DBA-B943-FFAAFF6BE7AA}"
EndProject
Project("{9A19103F-16F7-4668-BE54-9A1E7A4F7556}") = "Riven.AspNetCore.Modular", "..\Framework\src\Riven.AspNetCore.Modular\Riven.AspNetCore.Modular.csproj", "{7951B0A3-B1EF-41DC-B9ED-BBADE9D7ED99}"
EndProject
Project("{9A19103F-16F7-4668-BE54-9A1E7A4F7556}") = "Riven.AspNetCore.Swashbuckle", "..\Framework\src\Riven.AspNetCore.Swashbuckle\Riven.AspNetCore.Swashbuckle.csproj", "{E9BDCBCD-A4FF-433F-8C97-B0C1B0315FC4}"
EndProject
Project("{9A19103F-16F7-4668-BE54-9A1E7A4F7556}") = "Riven.AspNetCore.Uow", "..\Framework\src\Riven.AspNetCore.Uow\Riven.AspNetCore.Uow.csproj", "{AA21416E-08F3-4598-84C4-474E8DCCDEFA}"
EndProject
Project("{9A19103F-16F7-4668-BE54-9A1E7A4F7556}") = "Riven.Data", "..\Framework\src\Riven.Data\Riven.Data.csproj", "{52E50698-68CE-424C-8F8A-83397BDDA7A4}"
EndProject
Project("{9A19103F-16F7-4668-BE54-9A1E7A4F7556}") = "Riven.Dependency", "..\Framework\src\Riven.Dependency\Riven.Dependency.csproj", "{6F3442B4-96AB-4EC9-B053-C4E67CB11921}"
EndProject
Project("{9A19103F-16F7-4668-BE54-9A1E7A4F7556}") = "Riven.Domain", "..\Framework\src\Riven.Domain\Riven.Domain.csproj", "{860CF45D-89A3-4331-99EA-053B67991970}"
EndProject
Project("{9A19103F-16F7-4668-BE54-9A1E7A4F7556}") = "Riven.Domain.EntityFrameworkCore", "..\Framework\src\Riven.Domain.EntityFrameworkCore\Riven.Domain.EntityFrameworkCore.csproj", "{951C8C26-BC94-4A34-935B-7406CF526A84}"
EndProject
Project("{9A19103F-16F7-4668-BE54-9A1E7A4F7556}") = "Riven.Identity", "..\Framework\src\Riven.Identity\Riven.Identity.csproj", "{D51139D5-A715-4C96-A438-2BF882BF8CE0}"
EndProject
Project("{9A19103F-16F7-4668-BE54-9A1E7A4F7556}") = "Riven.Identity.AspNetCore", "..\Framework\src\Riven.Identity.AspNetCore\Riven.Identity.AspNetCore.csproj", "{1D295D4C-DF7D-4598-AE9F-F61DF73AA7DA}"
EndProject
Project("{9A19103F-16F7-4668-BE54-9A1E7A4F7556}") = "Riven.Identity.EntityFrameworkCore", "..\Framework\src\Riven.Identity.EntityFrameworkCore\Riven.Identity.EntityFrameworkCore.csproj", "{54B0415A-14FE-4E48-B341-CE2B4FB38515}"
EndProject
Project("{9A19103F-16F7-4668-BE54-9A1E7A4F7556}") = "Riven.Localization", "..\Framework\src\Riven.Localization\Riven.Localization.csproj", "{A83B1141-8B90-4426-8383-0C0B2810C57B}"
EndProject
Project("{9A19103F-16F7-4668-BE54-9A1E7A4F7556}") = "Riven.Mapster", "..\Framework\src\Riven.Mapster\Riven.Mapster.csproj", "{111BD9BF-4141-4EA8-821E-45C2740DB834}"
EndProject
Project("{9A19103F-16F7-4668-BE54-9A1E7A4F7556}") = "Riven.UnitOfWork", "..\Framework\src\Riven.UnitOfWork\Riven.UnitOfWork.csproj", "{A8DE95F5-D203-4C61-BF1A-4413D9854430}"
EndProject
Project("{9A19103F-16F7-4668-BE54-9A1E7A4F7556}") = "Riven.UnitOfWork.EntityFrameworkCore", "..\Framework\src\Riven.UnitOfWork.EntityFrameworkCore\Riven.UnitOfWork.EntityFrameworkCore.csproj", "{2C3F7966-B4D4-4D64-BD48-2065FBDB73F2}"
EndProject
Project("{9A19103F-16F7-4668-BE54-9A1E7A4F7556}") = "Riven.UnitOfWork.Dapper", "..\Framework\src\Riven.UnitOfWork.Dapper\Riven.UnitOfWork.Dapper.csproj", "{50529317-99D5-4260-8322-2E274D0795DE}"
EndProject
Project("{2150E333-8FDC-42A3-9474-1A3956D46DE8}") = "Shared", "Shared", "{A52D0E04-7ACA-418E-B012-9BFD7F4F4FBE}"
EndProject
Global
	GlobalSection(SolutionConfigurationPlatforms) = preSolution
		Debug|Any CPU = Debug|Any CPU
		Release|Any CPU = Release|Any CPU
	EndGlobalSection
	GlobalSection(ProjectConfigurationPlatforms) = postSolution
		{BB6FC6A2-653D-4ACD-9416-1EC53373FCEF}.Debug|Any CPU.ActiveCfg = Debug|Any CPU
		{BB6FC6A2-653D-4ACD-9416-1EC53373FCEF}.Debug|Any CPU.Build.0 = Debug|Any CPU
		{BB6FC6A2-653D-4ACD-9416-1EC53373FCEF}.Release|Any CPU.ActiveCfg = Release|Any CPU
		{BB6FC6A2-653D-4ACD-9416-1EC53373FCEF}.Release|Any CPU.Build.0 = Release|Any CPU
		{BD606501-66D3-4D0C-8444-3B3527AB6FF8}.Debug|Any CPU.ActiveCfg = Debug|Any CPU
		{BD606501-66D3-4D0C-8444-3B3527AB6FF8}.Debug|Any CPU.Build.0 = Debug|Any CPU
		{BD606501-66D3-4D0C-8444-3B3527AB6FF8}.Release|Any CPU.ActiveCfg = Release|Any CPU
		{BD606501-66D3-4D0C-8444-3B3527AB6FF8}.Release|Any CPU.Build.0 = Release|Any CPU
		{1B8F9AE9-9368-41A9-A295-B33379E66A68}.Debug|Any CPU.ActiveCfg = Debug|Any CPU
		{1B8F9AE9-9368-41A9-A295-B33379E66A68}.Debug|Any CPU.Build.0 = Debug|Any CPU
		{1B8F9AE9-9368-41A9-A295-B33379E66A68}.Release|Any CPU.ActiveCfg = Release|Any CPU
		{1B8F9AE9-9368-41A9-A295-B33379E66A68}.Release|Any CPU.Build.0 = Release|Any CPU
		{ABB418EF-3421-4E0C-B0A0-15667F0DD3AB}.Debug|Any CPU.ActiveCfg = Debug|Any CPU
		{ABB418EF-3421-4E0C-B0A0-15667F0DD3AB}.Debug|Any CPU.Build.0 = Debug|Any CPU
		{ABB418EF-3421-4E0C-B0A0-15667F0DD3AB}.Release|Any CPU.ActiveCfg = Release|Any CPU
		{ABB418EF-3421-4E0C-B0A0-15667F0DD3AB}.Release|Any CPU.Build.0 = Release|Any CPU
		{8D52C7F7-BBA2-4461-B4E9-490F10BC2660}.Debug|Any CPU.ActiveCfg = Debug|Any CPU
		{8D52C7F7-BBA2-4461-B4E9-490F10BC2660}.Debug|Any CPU.Build.0 = Debug|Any CPU
		{8D52C7F7-BBA2-4461-B4E9-490F10BC2660}.Release|Any CPU.ActiveCfg = Release|Any CPU
		{8D52C7F7-BBA2-4461-B4E9-490F10BC2660}.Release|Any CPU.Build.0 = Release|Any CPU
		{F62B87B6-FA6E-47FB-BC16-EC6C381043A3}.Debug|Any CPU.ActiveCfg = Debug|Any CPU
		{F62B87B6-FA6E-47FB-BC16-EC6C381043A3}.Debug|Any CPU.Build.0 = Debug|Any CPU
		{F62B87B6-FA6E-47FB-BC16-EC6C381043A3}.Release|Any CPU.ActiveCfg = Release|Any CPU
		{F62B87B6-FA6E-47FB-BC16-EC6C381043A3}.Release|Any CPU.Build.0 = Release|Any CPU
		{E410877D-1763-4971-9DAE-33EDD4737CE8}.Debug|Any CPU.ActiveCfg = Debug|Any CPU
		{E410877D-1763-4971-9DAE-33EDD4737CE8}.Debug|Any CPU.Build.0 = Debug|Any CPU
		{E410877D-1763-4971-9DAE-33EDD4737CE8}.Release|Any CPU.ActiveCfg = Release|Any CPU
		{E410877D-1763-4971-9DAE-33EDD4737CE8}.Release|Any CPU.Build.0 = Release|Any CPU
		{D7AD7901-D9D9-4DBA-B943-FFAAFF6BE7AA}.Debug|Any CPU.ActiveCfg = Debug|Any CPU
		{D7AD7901-D9D9-4DBA-B943-FFAAFF6BE7AA}.Debug|Any CPU.Build.0 = Debug|Any CPU
		{D7AD7901-D9D9-4DBA-B943-FFAAFF6BE7AA}.Release|Any CPU.ActiveCfg = Release|Any CPU
		{D7AD7901-D9D9-4DBA-B943-FFAAFF6BE7AA}.Release|Any CPU.Build.0 = Release|Any CPU
		{7951B0A3-B1EF-41DC-B9ED-BBADE9D7ED99}.Debug|Any CPU.ActiveCfg = Debug|Any CPU
		{7951B0A3-B1EF-41DC-B9ED-BBADE9D7ED99}.Debug|Any CPU.Build.0 = Debug|Any CPU
		{7951B0A3-B1EF-41DC-B9ED-BBADE9D7ED99}.Release|Any CPU.ActiveCfg = Release|Any CPU
		{7951B0A3-B1EF-41DC-B9ED-BBADE9D7ED99}.Release|Any CPU.Build.0 = Release|Any CPU
		{E9BDCBCD-A4FF-433F-8C97-B0C1B0315FC4}.Debug|Any CPU.ActiveCfg = Debug|Any CPU
		{E9BDCBCD-A4FF-433F-8C97-B0C1B0315FC4}.Debug|Any CPU.Build.0 = Debug|Any CPU
		{E9BDCBCD-A4FF-433F-8C97-B0C1B0315FC4}.Release|Any CPU.ActiveCfg = Release|Any CPU
		{E9BDCBCD-A4FF-433F-8C97-B0C1B0315FC4}.Release|Any CPU.Build.0 = Release|Any CPU
		{AA21416E-08F3-4598-84C4-474E8DCCDEFA}.Debug|Any CPU.ActiveCfg = Debug|Any CPU
		{AA21416E-08F3-4598-84C4-474E8DCCDEFA}.Debug|Any CPU.Build.0 = Debug|Any CPU
		{AA21416E-08F3-4598-84C4-474E8DCCDEFA}.Release|Any CPU.ActiveCfg = Release|Any CPU
		{AA21416E-08F3-4598-84C4-474E8DCCDEFA}.Release|Any CPU.Build.0 = Release|Any CPU
		{52E50698-68CE-424C-8F8A-83397BDDA7A4}.Debug|Any CPU.ActiveCfg = Debug|Any CPU
		{52E50698-68CE-424C-8F8A-83397BDDA7A4}.Debug|Any CPU.Build.0 = Debug|Any CPU
		{52E50698-68CE-424C-8F8A-83397BDDA7A4}.Release|Any CPU.ActiveCfg = Release|Any CPU
		{52E50698-68CE-424C-8F8A-83397BDDA7A4}.Release|Any CPU.Build.0 = Release|Any CPU
		{6F3442B4-96AB-4EC9-B053-C4E67CB11921}.Debug|Any CPU.ActiveCfg = Debug|Any CPU
		{6F3442B4-96AB-4EC9-B053-C4E67CB11921}.Debug|Any CPU.Build.0 = Debug|Any CPU
		{6F3442B4-96AB-4EC9-B053-C4E67CB11921}.Release|Any CPU.ActiveCfg = Release|Any CPU
		{6F3442B4-96AB-4EC9-B053-C4E67CB11921}.Release|Any CPU.Build.0 = Release|Any CPU
		{860CF45D-89A3-4331-99EA-053B67991970}.Debug|Any CPU.ActiveCfg = Debug|Any CPU
		{860CF45D-89A3-4331-99EA-053B67991970}.Debug|Any CPU.Build.0 = Debug|Any CPU
		{860CF45D-89A3-4331-99EA-053B67991970}.Release|Any CPU.ActiveCfg = Release|Any CPU
		{860CF45D-89A3-4331-99EA-053B67991970}.Release|Any CPU.Build.0 = Release|Any CPU
		{951C8C26-BC94-4A34-935B-7406CF526A84}.Debug|Any CPU.ActiveCfg = Debug|Any CPU
		{951C8C26-BC94-4A34-935B-7406CF526A84}.Debug|Any CPU.Build.0 = Debug|Any CPU
		{951C8C26-BC94-4A34-935B-7406CF526A84}.Release|Any CPU.ActiveCfg = Release|Any CPU
		{951C8C26-BC94-4A34-935B-7406CF526A84}.Release|Any CPU.Build.0 = Release|Any CPU
		{D51139D5-A715-4C96-A438-2BF882BF8CE0}.Debug|Any CPU.ActiveCfg = Debug|Any CPU
		{D51139D5-A715-4C96-A438-2BF882BF8CE0}.Debug|Any CPU.Build.0 = Debug|Any CPU
		{D51139D5-A715-4C96-A438-2BF882BF8CE0}.Release|Any CPU.ActiveCfg = Release|Any CPU
		{D51139D5-A715-4C96-A438-2BF882BF8CE0}.Release|Any CPU.Build.0 = Release|Any CPU
		{1D295D4C-DF7D-4598-AE9F-F61DF73AA7DA}.Debug|Any CPU.ActiveCfg = Debug|Any CPU
		{1D295D4C-DF7D-4598-AE9F-F61DF73AA7DA}.Debug|Any CPU.Build.0 = Debug|Any CPU
		{1D295D4C-DF7D-4598-AE9F-F61DF73AA7DA}.Release|Any CPU.ActiveCfg = Release|Any CPU
		{1D295D4C-DF7D-4598-AE9F-F61DF73AA7DA}.Release|Any CPU.Build.0 = Release|Any CPU
		{54B0415A-14FE-4E48-B341-CE2B4FB38515}.Debug|Any CPU.ActiveCfg = Debug|Any CPU
		{54B0415A-14FE-4E48-B341-CE2B4FB38515}.Debug|Any CPU.Build.0 = Debug|Any CPU
		{54B0415A-14FE-4E48-B341-CE2B4FB38515}.Release|Any CPU.ActiveCfg = Release|Any CPU
		{54B0415A-14FE-4E48-B341-CE2B4FB38515}.Release|Any CPU.Build.0 = Release|Any CPU
		{A83B1141-8B90-4426-8383-0C0B2810C57B}.Debug|Any CPU.ActiveCfg = Debug|Any CPU
		{A83B1141-8B90-4426-8383-0C0B2810C57B}.Debug|Any CPU.Build.0 = Debug|Any CPU
		{A83B1141-8B90-4426-8383-0C0B2810C57B}.Release|Any CPU.ActiveCfg = Release|Any CPU
		{A83B1141-8B90-4426-8383-0C0B2810C57B}.Release|Any CPU.Build.0 = Release|Any CPU
		{111BD9BF-4141-4EA8-821E-45C2740DB834}.Debug|Any CPU.ActiveCfg = Debug|Any CPU
		{111BD9BF-4141-4EA8-821E-45C2740DB834}.Debug|Any CPU.Build.0 = Debug|Any CPU
		{111BD9BF-4141-4EA8-821E-45C2740DB834}.Release|Any CPU.ActiveCfg = Release|Any CPU
		{111BD9BF-4141-4EA8-821E-45C2740DB834}.Release|Any CPU.Build.0 = Release|Any CPU
		{A8DE95F5-D203-4C61-BF1A-4413D9854430}.Debug|Any CPU.ActiveCfg = Debug|Any CPU
		{A8DE95F5-D203-4C61-BF1A-4413D9854430}.Debug|Any CPU.Build.0 = Debug|Any CPU
		{A8DE95F5-D203-4C61-BF1A-4413D9854430}.Release|Any CPU.ActiveCfg = Release|Any CPU
		{A8DE95F5-D203-4C61-BF1A-4413D9854430}.Release|Any CPU.Build.0 = Release|Any CPU
		{2C3F7966-B4D4-4D64-BD48-2065FBDB73F2}.Debug|Any CPU.ActiveCfg = Debug|Any CPU
		{2C3F7966-B4D4-4D64-BD48-2065FBDB73F2}.Debug|Any CPU.Build.0 = Debug|Any CPU
		{2C3F7966-B4D4-4D64-BD48-2065FBDB73F2}.Release|Any CPU.ActiveCfg = Release|Any CPU
		{2C3F7966-B4D4-4D64-BD48-2065FBDB73F2}.Release|Any CPU.Build.0 = Release|Any CPU
		{50529317-99D5-4260-8322-2E274D0795DE}.Debug|Any CPU.ActiveCfg = Debug|Any CPU
		{50529317-99D5-4260-8322-2E274D0795DE}.Debug|Any CPU.Build.0 = Debug|Any CPU
		{50529317-99D5-4260-8322-2E274D0795DE}.Release|Any CPU.ActiveCfg = Release|Any CPU
		{50529317-99D5-4260-8322-2E274D0795DE}.Release|Any CPU.Build.0 = Release|Any CPU
	EndGlobalSection
	GlobalSection(SolutionProperties) = preSolution
		HideSolutionNode = FALSE
	EndGlobalSection
	GlobalSection(NestedProjects) = preSolution
		{56DF80A3-35A5-4E78-A47A-B95BB02A72D4} = {BBF598BC-8B41-4D82-8267-5DC563F2469F}
		{BB6FC6A2-653D-4ACD-9416-1EC53373FCEF} = {A52D0E04-7ACA-418E-B012-9BFD7F4F4FBE}
		{BD606501-66D3-4D0C-8444-3B3527AB6FF8} = {A52D0E04-7ACA-418E-B012-9BFD7F4F4FBE}
		{1B8F9AE9-9368-41A9-A295-B33379E66A68} = {A52D0E04-7ACA-418E-B012-9BFD7F4F4FBE}
		{ABB418EF-3421-4E0C-B0A0-15667F0DD3AB} = {E9DFF658-7F4A-4153-BA51-157E9D20B01F}
		{8D52C7F7-BBA2-4461-B4E9-490F10BC2660} = {E9DFF658-7F4A-4153-BA51-157E9D20B01F}
		{F62B87B6-FA6E-47FB-BC16-EC6C381043A3} = {E9DFF658-7F4A-4153-BA51-157E9D20B01F}
		{E410877D-1763-4971-9DAE-33EDD4737CE8} = {E9DFF658-7F4A-4153-BA51-157E9D20B01F}
		{D7AD7901-D9D9-4DBA-B943-FFAAFF6BE7AA} = {E9DFF658-7F4A-4153-BA51-157E9D20B01F}
		{7951B0A3-B1EF-41DC-B9ED-BBADE9D7ED99} = {E9DFF658-7F4A-4153-BA51-157E9D20B01F}
		{E9BDCBCD-A4FF-433F-8C97-B0C1B0315FC4} = {E9DFF658-7F4A-4153-BA51-157E9D20B01F}
		{AA21416E-08F3-4598-84C4-474E8DCCDEFA} = {E9DFF658-7F4A-4153-BA51-157E9D20B01F}
		{52E50698-68CE-424C-8F8A-83397BDDA7A4} = {E9DFF658-7F4A-4153-BA51-157E9D20B01F}
		{6F3442B4-96AB-4EC9-B053-C4E67CB11921} = {E9DFF658-7F4A-4153-BA51-157E9D20B01F}
		{860CF45D-89A3-4331-99EA-053B67991970} = {E9DFF658-7F4A-4153-BA51-157E9D20B01F}
		{951C8C26-BC94-4A34-935B-7406CF526A84} = {E9DFF658-7F4A-4153-BA51-157E9D20B01F}
		{D51139D5-A715-4C96-A438-2BF882BF8CE0} = {E9DFF658-7F4A-4153-BA51-157E9D20B01F}
		{1D295D4C-DF7D-4598-AE9F-F61DF73AA7DA} = {E9DFF658-7F4A-4153-BA51-157E9D20B01F}
		{54B0415A-14FE-4E48-B341-CE2B4FB38515} = {E9DFF658-7F4A-4153-BA51-157E9D20B01F}
		{A83B1141-8B90-4426-8383-0C0B2810C57B} = {E9DFF658-7F4A-4153-BA51-157E9D20B01F}
		{111BD9BF-4141-4EA8-821E-45C2740DB834} = {E9DFF658-7F4A-4153-BA51-157E9D20B01F}
		{A8DE95F5-D203-4C61-BF1A-4413D9854430} = {E9DFF658-7F4A-4153-BA51-157E9D20B01F}
		{2C3F7966-B4D4-4D64-BD48-2065FBDB73F2} = {E9DFF658-7F4A-4153-BA51-157E9D20B01F}
		{50529317-99D5-4260-8322-2E274D0795DE} = {E9DFF658-7F4A-4153-BA51-157E9D20B01F}
		{A52D0E04-7ACA-418E-B012-9BFD7F4F4FBE} = {CCE86B0E-877B-42AF-8357-0B89F0AB232D}
	EndGlobalSection
	GlobalSection(ExtensibilityGlobals) = postSolution
		SolutionGuid = {3EC6667A-D5E1-433A-8BF3-C6E149048165}
	EndGlobalSection
EndGlobal
